{
  "name": "electron-react-boilerplate",
  "version": "2.3.0",
  "lockfileVersion": 2,
  "requires": true,
  "packages": {
    "": {
      "name": "electron-react-boilerplate",
      "version": "2.3.0",
      "hasInstallScript": true,
      "license": "MIT",
      "devDependencies": {
        "@types/frappe-gantt": "^0.4.1"
      }
    },
    "node_modules/@types/frappe-gantt": {
      "version": "0.4.1",
      "resolved": "https://registry.npmjs.org/@types/frappe-gantt/-/frappe-gantt-0.4.1.tgz",
      "integrity": "sha512-FRjCk8CpKiAV0WPED9UKlDNPdfwgWm2OyYwR1ELr+LO371Mn1bpkz4pYuzCz+rX3LT5PD6ZeLIVPyO/Z7G7S9w==",
      "dev": true
    }
  },
  "dependencies": {
    "@types/frappe-gantt": {
      "version": "0.4.1",
      "resolved": "https://registry.npmjs.org/@types/frappe-gantt/-/frappe-gantt-0.4.1.tgz",
      "integrity": "sha512-FRjCk8CpKiAV0WPED9UKlDNPdfwgWm2OyYwR1ELr+LO371Mn1bpkz4pYuzCz+rX3LT5PD6ZeLIVPyO/Z7G7S9w==",
      "dev": true
    }
  }
}
